
Microsoft Visual Studio Solution File, Format Version 12.00
# Visual Studio 15
VisualStudioVersion = 15.0.27130.2024
MinimumVisualStudioVersion = 10.0.40219.1
Project("{FAE04EC0-301F-11D3-BF4B-00C04F79EFBC}") = "StringCalculatorKata", "StringCalculatorKata\StringCalculatorKata.csproj", "{A18C2857-0A38-4E83-9F6C-E0F847519FA7}"
EndProject
Project("{FAE04EC0-301F-11D3-BF4B-00C04F79EFBC}") = "StringCalculatorKata.Tests", "StringCalculatorKata.Tests\StringCalculatorKata.Tests.csproj", "{F9C8B624-01D2-4332-B544-0E12100A0180}"
EndProject
Project("{FAE04EC0-301F-11D3-BF4B-00C04F79EFBC}") = "StringCalculatorKata.Logic", "StringCalculatorKata.Logic\StringCalculatorKata.Logic.csproj", "{F2247765-5225-48CB-B805-75862E5732AD}"
EndProject
Global
	GlobalSection(SolutionConfigurationPlatforms) = preSolution
		Debug|Any CPU = Debug|Any CPU
		Release|Any CPU = Release|Any CPU
	EndGlobalSection
	GlobalSection(ProjectConfigurationPlatforms) = postSolution
		{A18C2857-0A38-4E83-9F6C-E0F847519FA7}.Debug|Any CPU.ActiveCfg = Debug|Any CPU
		{A18C2857-0A38-4E83-9F6C-E0F847519FA7}.Debug|Any CPU.Build.0 = Debug|Any CPU
		{A18C2857-0A38-4E83-9F6C-E0F847519FA7}.Release|Any CPU.ActiveCfg = Release|Any CPU
		{A18C2857-0A38-4E83-9F6C-E0F847519FA7}.Release|Any CPU.Build.0 = Release|Any CPU
		{F9C8B624-01D2-4332-B544-0E12100A0180}.Debug|Any CPU.ActiveCfg = Debug|Any CPU
		{F9C8B624-01D2-4332-B544-0E12100A0180}.Debug|Any CPU.Build.0 = Debug|Any CPU
		{F9C8B624-01D2-4332-B544-0E12100A0180}.Release|Any CPU.ActiveCfg = Release|Any CPU
		{F9C8B624-01D2-4332-B544-0E12100A0180}.Release|Any CPU.Build.0 = Release|Any CPU
		{F2247765-5225-48CB-B805-75862E5732AD}.Debug|Any CPU.ActiveCfg = Debug|Any CPU
		{F2247765-5225-48CB-B805-75862E5732AD}.Debug|Any CPU.Build.0 = Debug|Any CPU
		{F2247765-5225-48CB-B805-75862E5732AD}.Release|Any CPU.ActiveCfg = Release|Any CPU
		{F2247765-5225-48CB-B805-75862E5732AD}.Release|Any CPU.Build.0 = Release|Any CPU
	EndGlobalSection
	GlobalSection(SolutionProperties) = preSolution
		HideSolutionNode = FALSE
	EndGlobalSection
	GlobalSection(ExtensibilityGlobals) = postSolution
		SolutionGuid = {0FD45B98-1618-4319-AAF4-534243A09144}
	EndGlobalSection
EndGlobal
